// !$*UTF8*$!
{
	archiveVersion = 1;
	classes = {
	};
	objectVersion = 56;
	objects = {

/* Begin PBXBuildFile section */
		E13715152BB836FC0061C49D /* AppDelegate.swift in Sources */ = {isa = PBXBuildFile; fileRef = E13715142BB836FC0061C49D /* AppDelegate.swift */; };
		E13715172BB836FC0061C49D /* SceneDelegate.swift in Sources */ = {isa = PBXBuildFile; fileRef = E13715162BB836FC0061C49D /* SceneDelegate.swift */; };
		E13715192BB836FC0061C49D /* ViewController.swift in Sources */ = {isa = PBXBuildFile; fileRef = E13715182BB836FC0061C49D /* ViewController.swift */; };
		E137151C2BB836FC0061C49D /* Base in Resources */ = {isa = PBXBuildFile; fileRef = E137151B2BB836FC0061C49D /* Base */; };
		E137151E2BB836FE0061C49D /* Assets.xcassets in Resources */ = {isa = PBXBuildFile; fileRef = E137151D2BB836FE0061C49D /* Assets.xcassets */; };
		E13715212BB836FE0061C49D /* Base in Resources */ = {isa = PBXBuildFile; fileRef = E13715202BB836FE0061C49D /* Base */; };
		E13715332BB837F10061C49D /* nssl0033.jpg in Resources */ = {isa = PBXBuildFile; fileRef = E13715282BB837F10061C49D /* nssl0033.jpg */; };
		E13715342BB837F10061C49D /* nssl0034.jpg in Resources */ = {isa = PBXBuildFile; fileRef = E13715292BB837F10061C49D /* nssl0034.jpg */; };
		E13715352BB837F10061C49D /* nssl0041.jpg in Resources */ = {isa = PBXBuildFile; fileRef = E137152A2BB837F10061C49D /* nssl0041.jpg */; };
		E13715362BB837F10061C49D /* nssl0042.jpg in Resources */ = {isa = PBXBuildFile; fileRef = E137152B2BB837F10061C49D /* nssl0042.jpg */; };
		E13715372BB837F10061C49D /* nssl0043.jpg in Resources */ = {isa = PBXBuildFile; fileRef = E137152C2BB837F10061C49D /* nssl0043.jpg */; };
		E13715382BB837F10061C49D /* nssl0045.jpg in Resources */ = {isa = PBXBuildFile; fileRef = E137152D2BB837F10061C49D /* nssl0045.jpg */; };
		E13715392BB837F10061C49D /* nssl0046.jpg in Resources */ = {isa = PBXBuildFile; fileRef = E137152E2BB837F10061C49D /* nssl0046.jpg */; };
		E137153A2BB837F10061C49D /* nssl0049.jpg in Resources */ = {isa = PBXBuildFile; fileRef = E137152F2BB837F10061C49D /* nssl0049.jpg */; };
		E137153B2BB837F10061C49D /* nssl0051.jpg in Resources */ = {isa = PBXBuildFile; fileRef = E13715302BB837F10061C49D /* nssl0051.jpg */; };
		E137153C2BB837F10061C49D /* nssl0091.jpg in Resources */ = {isa = PBXBuildFile; fileRef = E13715312BB837F10061C49D /* nssl0091.jpg */; };
/* End PBXBuildFile section */

/* Begin PBXFileReference section */
		E13715112BB836FC0061C49D /* Project1.app */ = {isa = PBXFileReference; explicitFileType = wrapper.application; includeInIndex = 0; path = Project1.app; sourceTree = BUILT_PRODUCTS_DIR; };
		E13715142BB836FC0061C49D /* AppDelegate.swift */ = {isa = PBXFileReference; lastKnownFileType = sourcecode.swift; path = AppDelegate.swift; sourceTree = "<group>"; };
		E13715162BB836FC0061C49D /* SceneDelegate.swift */ = {isa = PBXFileReference; lastKnownFileType = sourcecode.swift; path = SceneDelegate.swift; sourceTree = "<group>"; };
		E13715182BB836FC0061C49D /* ViewController.swift */ = {isa = PBXFileReference; lastKnownFileType = sourcecode.swift; path = ViewController.swift; sourceTree = "<group>"; };
		E137151B2BB836FC0061C49D /* Base */ = {isa = PBXFileReference; lastKnownFileType = file.storyboard; name = Base; path = Base.lproj/Main.storyboard; sourceTree = "<group>"; };
		E137151D2BB836FE0061C49D /* Assets.xcassets */ = {isa = PBXFileReference; lastKnownFileType = folder.assetcatalog; path = Assets.xcassets; sourceTree = "<group>"; };
		E13715202BB836FE0061C49D /* Base */ = {isa = PBXFileReference; lastKnownFileType = file.storyboard; name = Base; path = Base.lproj/LaunchScreen.storyboard; sourceTree = "<group>"; };
		E13715222BB836FE0061C49D /* Info.plist */ = {isa = PBXFileReference; lastKnownFileType = text.plist.xml; path = Info.plist; sourceTree = "<group>"; };
		E13715282BB837F10061C49D /* nssl0033.jpg */ = {isa = PBXFileReference; lastKnownFileType = image.jpeg; path = nssl0033.jpg; sourceTree = "<group>"; };
		E13715292BB837F10061C49D /* nssl0034.jpg */ = {isa = PBXFileReference; lastKnownFileType = image.jpeg; path = nssl0034.jpg; sourceTree = "<group>"; };
		E137152A2BB837F10061C49D /* nssl0041.jpg */ = {isa = PBXFileReference; lastKnownFileType = image.jpeg; path = nssl0041.jpg; sourceTree = "<group>"; };
		E137152B2BB837F10061C49D /* nssl0042.jpg */ = {isa = PBXFileReference; lastKnownFileType = image.jpeg; path = nssl0042.jpg; sourceTree = "<group>"; };
		E137152C2BB837F10061C49D /* nssl0043.jpg */ = {isa = PBXFileReference; lastKnownFileType = image.jpeg; path = nssl0043.jpg; sourceTree = "<group>"; };
		E137152D2BB837F10061C49D /* nssl0045.jpg */ = {isa = PBXFileReference; lastKnownFileType = image.jpeg; path = nssl0045.jpg; sourceTree = "<group>"; };
		E137152E2BB837F10061C49D /* nssl0046.jpg */ = {isa = PBXFileReference; lastKnownFileType = image.jpeg; path = nssl0046.jpg; sourceTree = "<group>"; };
		E137152F2BB837F10061C49D /* nssl0049.jpg */ = {isa = PBXFileReference; lastKnownFileType = image.jpeg; path = nssl0049.jpg; sourceTree = "<group>"; };
		E13715302BB837F10061C49D /* nssl0051.jpg */ = {isa = PBXFileReference; lastKnownFileType = image.jpeg; path = nssl0051.jpg; sourceTree = "<group>"; };
		E13715312BB837F10061C49D /* nssl0091.jpg */ = {isa = PBXFileReference; lastKnownFileType = image.jpeg; path = nssl0091.jpg; sourceTree = "<group>"; };
/* End PBXFileReference section */

/* Begin PBXFrameworksBuildPhase section */
		E137150E2BB836FC0061C49D /* Frameworks */ = {
			isa = PBXFrameworksBuildPhase;
			buildActionMask = 2147483647;
			files = (
			);
			runOnlyForDeploymentPostprocessing = 0;
		};
/* End PBXFrameworksBuildPhase section */

/* Begin PBXGroup section */
		E13715082BB836FC0061C49D = {
			isa = PBXGroup;
			children = (
				E13715132BB836FC0061C49D /* Project1 */,
				E13715122BB836FC0061C49D /* Products */,
			);
			sourceTree = "<group>";
		};
		E13715122BB836FC0061C49D /* Products */ = {
			isa = PBXGroup;
			children = (
				E13715112BB836FC0061C49D /* Project1.app */,
			);
			name = Products;
			sourceTree = "<group>";
		};
		E13715132BB836FC0061C49D /* Project1 */ = {
			isa = PBXGroup;
			children = (
				E13715142BB836FC0061C49D /* AppDelegate.swift */,
				E13715162BB836FC0061C49D /* SceneDelegate.swift */,
				E13715182BB836FC0061C49D /* ViewController.swift */,
				E137151A2BB836FC0061C49D /* Main.storyboard */,
				E137151D2BB836FE0061C49D /* Assets.xcassets */,
				E137151F2BB836FE0061C49D /* LaunchScreen.storyboard */,
				E13715222BB836FE0061C49D /* Info.plist */,
				E13715322BB837F10061C49D /* Content */,
			);
			path = Project1;
			sourceTree = "<group>";
		};
		E13715322BB837F10061C49D /* Content */ = {
			isa = PBXGroup;
			children = (
				E13715282BB837F10061C49D /* nssl0033.jpg */,
				E13715292BB837F10061C49D /* nssl0034.jpg */,
				E137152A2BB837F10061C49D /* nssl0041.jpg */,
				E137152B2BB837F10061C49D /* nssl0042.jpg */,
				E137152C2BB837F10061C49D /* nssl0043.jpg */,
				E137152D2BB837F10061C49D /* nssl0045.jpg */,
				E137152E2BB837F10061C49D /* nssl0046.jpg */,
				E137152F2BB837F10061C49D /* nssl0049.jpg */,
				E13715302BB837F10061C49D /* nssl0051.jpg */,
				E13715312BB837F10061C49D /* nssl0091.jpg */,
			);
			path = Content;
			sourceTree = "<group>";
		};
/* End PBXGroup section */

/* Begin PBXNativeTarget section */
		E13715102BB836FC0061C49D /* Project1 */ = {
			isa = PBXNativeTarget;
			buildConfigurationList = E13715252BB836FE0061C49D /* Build configuration list for PBXNativeTarget "Project1" */;
			buildPhases = (
				E137150D2BB836FC0061C49D /* Sources */,
				E137150E2BB836FC0061C49D /* Frameworks */,
				E137150F2BB836FC0061C49D /* Resources */,
			);
			buildRules = (
			);
			dependencies = (
			);
			name = Project1;
			productName = Project1;
			productReference = E13715112BB836FC0061C49D /* Project1.app */;
			productType = "com.apple.product-type.application";
		};
/* End PBXNativeTarget section */

/* Begin PBXProject section */
		E13715092BB836FC0061C49D /* Project object */ = {
			isa = PBXProject;
			attributes = {
				BuildIndependentTargetsInParallel = 1;
				LastSwiftUpdateCheck = 1530;
				LastUpgradeCheck = 1530;
				TargetAttributes = {
					E13715102BB836FC0061C49D = {
						CreatedOnToolsVersion = 15.3;
					};
				};
			};
			buildConfigurationList = E137150C2BB836FC0061C49D /* Build configuration list for PBXProject "Project1" */;
			compatibilityVersion = "Xcode 14.0";
			developmentRegion = en;
			hasScannedForEncodings = 0;
			knownRegions = (
				en,
				Base,
			);
			mainGroup = E13715082BB836FC0061C49D;
			productRefGroup = E13715122BB836FC0061C49D /* Products */;
			projectDirPath = "";
			projectRoot = "";
			targets = (
				E13715102BB836FC0061C49D /* Project1 */,
			);
		};
/* End PBXProject section */

/* Begin PBXResourcesBuildPhase section */
		E137150F2BB836FC0061C49D /* Resources */ = {
			isa = PBXResourcesBuildPhase;
			buildActionMask = 2147483647;
			files = (
				E13715342BB837F10061C49D /* nssl0034.jpg in Resources */,
				E137153B2BB837F10061C49D /* nssl0051.jpg in Resources */,
				E137151E2BB836FE0061C49D /* Assets.xcassets in Resources */,
				E13715372BB837F10061C49D /* nssl0043.jpg in Resources */,
				E13715332BB837F10061C49D /* nssl0033.jpg in Resources */,
				E13715382BB837F10061C49D /* nssl0045.jpg in Resources */,
				E13715392BB837F10061C49D /* nssl0046.jpg in Resources */,
				E137153A2BB837F10061C49D /* nssl0049.jpg in Resources */,
				E13715362BB837F10061C49D /* nssl0042.jpg in Resources */,
				E13715212BB836FE0061C49D /* Base in Resources */,
				E137153C2BB837F10061C49D /* nssl0091.jpg in Resources */,
				E13715352BB837F10061C49D /* nssl0041.jpg in Resources */,
				E137151C2BB836FC0061C49D /* Base in Resources */,
			);
			runOnlyForDeploymentPostprocessing = 0;
		};
/* End PBXResourcesBuildPhase section */

/* Begin PBXSourcesBuildPhase section */
		E137150D2BB836FC0061C49D /* Sources */ = {
			isa = PBXSourcesBuildPhase;
			buildActionMask = 2147483647;
			files = (
				E13715192BB836FC0061C49D /* ViewController.swift in Sources */,
				E13715152BB836FC0061C49D /* AppDelegate.swift in Sources */,
				E13715172BB836FC0061C49D /* SceneDelegate.swift in Sources */,
			);
			runOnlyForDeploymentPostprocessing = 0;
		};
/* End PBXSourcesBuildPhase section */

/* Begin PBXVariantGroup section */
		E137151A2BB836FC0061C49D /* Main.storyboard */ = {
			isa = PBXVariantGroup;
			children = (
				E137151B2BB836FC0061C49D /* Base */,
			);
			name = Main.storyboard;
			sourceTree = "<group>";
		};
		E137151F2BB836FE0061C49D /* LaunchScreen.storyboard */ = {
			isa = PBXVariantGroup;
			children = (
				E13715202BB836FE0061C49D /* Base */,
			);
			name = LaunchScreen.storyboard;
			sourceTree = "<group>";
		};
/* End PBXVariantGroup section */

/* Begin XCBuildConfiguration section */
		E13715232BB836FE0061C49D /* Debug */ = {
			isa = XCBuildConfiguration;
			buildSettings = {
				ALWAYS_SEARCH_USER_PATHS = NO;
				ASSETCATALOG_COMPILER_GENERATE_SWIFT_ASSET_SYMBOL_EXTENSIONS = YES;
				CLANG_ANALYZER_NONNULL = YES;
				CLANG_ANALYZER_NUMBER_OBJECT_CONVERSION = YES_AGGRESSIVE;
				CLANG_CXX_LANGUAGE_STANDARD = "gnu++20";
				CLANG_ENABLE_MODULES = YES;
				CLANG_ENABLE_OBJC_ARC = YES;
				CLANG_ENABLE_OBJC_WEAK = YES;
				CLANG_WARN_BLOCK_CAPTURE_AUTORELEASING = YES;
				CLANG_WARN_BOOL_CONVERSION = YES;
				CLANG_WARN_COMMA = YES;
				CLANG_WARN_CONSTANT_CONVERSION = YES;
				CLANG_WARN_DEPRECATED_OBJC_IMPLEMENTATIONS = YES;
				CLANG_WARN_DIRECT_OBJC_ISA_USAGE = YES_ERROR;
				CLANG_WARN_DOCUMENTATION_COMMENTS = YES;
				CLANG_WARN_EMPTY_BODY = YES;
				CLANG_WARN_ENUM_CONVERSION = YES;
				CLANG_WARN_INFINITE_RECURSION = YES;
				CLANG_WARN_INT_CONVERSION = YES;
				CLANG_WARN_NON_LITERAL_NULL_CONVERSION = YES;
				CLANG_WARN_OBJC_IMPLICIT_RETAIN_SELF = YES;
				CLANG_WARN_OBJC_LITERAL_CONVERSION = YES;
				CLANG_WARN_OBJC_ROOT_CLASS = YES_ERROR;
				CLANG_WARN_QUOTED_INCLUDE_IN_FRAMEWORK_HEADER = YES;
				CLANG_WARN_RANGE_LOOP_ANALYSIS = YES;
				CLANG_WARN_STRICT_PROTOTYPES = YES;
				CLANG_WARN_SUSPICIOUS_MOVE = YES;
				CLANG_WARN_UNGUARDED_AVAILABILITY = YES_AGGRESSIVE;
				CLANG_WARN_UNREACHABLE_CODE = YES;
				CLANG_WARN__DUPLICATE_METHOD_MATCH = YES;
				COPY_PHASE_STRIP = NO;
				DEBUG_INFORMATION_FORMAT = dwarf;
				ENABLE_STRICT_OBJC_MSGSEND = YES;
				ENABLE_TESTABILITY = YES;
				ENABLE_USER_SCRIPT_SANDBOXING = YES;
				GCC_C_LANGUAGE_STANDARD = gnu17;
				GCC_DYNAMIC_NO_PIC = NO;
				GCC_NO_COMMON_BLOCKS = YES;
				GCC_OPTIMIZATION_LEVEL = 0;
				GCC_PREPROCESSOR_DEFINITIONS = (
					"DEBUG=1",
					"$(inherited)",
				);
				GCC_WARN_64_TO_32_BIT_CONVERSION = YES;
				GCC_WARN_ABOUT_RETURN_TYPE = YES_ERROR;
				GCC_WARN_UNDECLARED_SELECTOR = YES;
				GCC_WARN_UNINITIALIZED_AUTOS = YES_AGGRESSIVE;
				GCC_WARN_UNUSED_FUNCTION = YES;
				GCC_WARN_UNUSED_VARIABLE = YES;
				IPHONEOS_DEPLOYMENT_TARGET = 17.4;
				LOCALIZATION_PREFERS_STRING_CATALOGS = YES;
				MTL_ENABLE_DEBUG_INFO = INCLUDE_SOURCE;
				MTL_FAST_MATH = YES;
				ONLY_ACTIVE_ARCH = YES;
				SDKROOT = iphoneos;
				SWIFT_ACTIVE_COMPILATION_CONDITIONS = "DEBUG $(inherited)";
				SWIFT_OPTIMIZATION_LEVEL = "-Onone";
			};
			name = Debug;
		};
		E13715242BB836FE0061C49D /* Release */ = {
			isa = XCBuildConfiguration;
			buildSettings = {
				ALWAYS_SEARCH_USER_PATHS = NO;
				ASSETCATALOG_COMPILER_GENERATE_SWIFT_ASSET_SYMBOL_EXTENSIONS = YES;
				CLANG_ANALYZER_NONNULL = YES;
				CLANG_ANALYZER_NUMBER_OBJECT_CONVERSION = YES_AGGRESSIVE;
				CLANG_CXX_LANGUAGE_STANDARD = "gnu++20";
				CLANG_ENABLE_MODULES = YES;
				CLANG_ENABLE_OBJC_ARC = YES;
				CLANG_ENABLE_OBJC_WEAK = YES;
				CLANG_WARN_BLOCK_CAPTURE_AUTORELEASING = YES;
				CLANG_WARN_BOOL_CONVERSION = YES;
				CLANG_WARN_COMMA = YES;
				CLANG_WARN_CONSTANT_CONVERSION = YES;
				CLANG_WARN_DEPRECATED_OBJC_IMPLEMENTATIONS = YES;
				CLANG_WARN_DIRECT_OBJC_ISA_USAGE = YES_ERROR;
				CLANG_WARN_DOCUMENTATION_COMMENTS = YES;
				CLANG_WARN_EMPTY_BODY = YES;
				CLANG_WARN_ENUM_CONVERSION = YES;
				CLANG_WARN_INFINITE_RECURSION = YES;
				CLANG_WARN_INT_CONVERSION = YES;
				CLANG_WARN_NON_LITERAL_NULL_CONVERSION = YES;
				CLANG_WARN_OBJC_IMPLICIT_RETAIN_SELF = YES;
				CLANG_WARN_OBJC_LITERAL_CONVERSION = YES;
				CLANG_WARN_OBJC_ROOT_CLASS = YES_ERROR;
				CLANG_WARN_QUOTED_INCLUDE_IN_FRAMEWORK_HEADER = YES;
				CLANG_WARN_RANGE_LOOP_ANALYSIS = YES;
				CLANG_WARN_STRICT_PROTOTYPES = YES;
				CLANG_WARN_SUSPICIOUS_MOVE = YES;
				CLANG_WARN_UNGUARDED_AVAILABILITY = YES_AGGRESSIVE;
				CLANG_WARN_UNREACHABLE_CODE = YES;
				CLANG_WARN__DUPLICATE_METHOD_MATCH = YES;
				COPY_PHASE_STRIP = NO;
				DEBUG_INFORMATION_FORMAT = "dwarf-with-dsym";
				ENABLE_NS_ASSERTIONS = NO;
				ENABLE_STRICT_OBJC_MSGSEND = YES;
				ENABLE_USER_SCRIPT_SANDBOXING = YES;
				GCC_C_LANGUAGE_STANDARD = gnu17;
				GCC_NO_COMMON_BLOCKS = YES;
				GCC_WARN_64_TO_32_BIT_CONVERSION = YES;
				GCC_WARN_ABOUT_RETURN_TYPE = YES_ERROR;
				GCC_WARN_UNDECLARED_SELECTOR = YES;
				GCC_WARN_UNINITIALIZED_AUTOS = YES_AGGRESSIVE;
				GCC_WARN_UNUSED_FUNCTION = YES;
				GCC_WARN_UNUSED_VARIABLE = YES;
				IPHONEOS_DEPLOYMENT_TARGET = 17.4;
				LOCALIZATION_PREFERS_STRING_CATALOGS = YES;
				MTL_ENABLE_DEBUG_INFO = NO;
				MTL_FAST_MATH = YES;
				SDKROOT = iphoneos;
				SWIFT_COMPILATION_MODE = wholemodule;
				VALIDATE_PRODUCT = YES;
			};
			name = Release;
		};
		E13715262BB836FE0061C49D /* Debug */ = {
			isa = XCBuildConfiguration;
			buildSettings = {
				ASSETCATALOG_COMPILER_APPICON_NAME = AppIcon;
				ASSETCATALOG_COMPILER_GLOBAL_ACCENT_COLOR_NAME = AccentColor;
				CODE_SIGN_STYLE = Automatic;
				CURRENT_PROJECT_VERSION = 1;
				DEVELOPMENT_TEAM = 9P86M55Y2Q;
				GENERATE_INFOPLIST_FILE = YES;
				INFOPLIST_FILE = Project1/Info.plist;
				INFOPLIST_KEY_UIApplicationSupportsIndirectInputEvents = YES;
				INFOPLIST_KEY_UILaunchStoryboardName = LaunchScreen;
				INFOPLIST_KEY_UIMainStoryboardFile = Main;
				INFOPLIST_KEY_UISupportedInterfaceOrientations_iPad = "UIInterfaceOrientationPortrait UIInterfaceOrientationPortraitUpsideDown UIInterfaceOrientationLandscapeLeft UIInterfaceOrientationLandscapeRight";
				INFOPLIST_KEY_UISupportedInterfaceOrientations_iPhone = "UIInterfaceOrientationPortrait UIInterfaceOrientationLandscapeLeft UIInterfaceOrientationLandscapeRight";
				LD_RUNPATH_SEARCH_PATHS = (
					"$(inherited)",
					"@executable_path/Frameworks",
				);
				MARKETING_VERSION = 1.0;
				PRODUCT_BUNDLE_IDENTIFIER = io.notnick.Project1;
				PRODUCT_NAME = "$(TARGET_NAME)";
				SWIFT_EMIT_LOC_STRINGS = YES;
				SWIFT_VERSION = 5.0;
				TARGETED_DEVICE_FAMILY = "1,2";
			};
			name = Debug;
		};
		E13715272BB836FE0061C49D /* Release */ = {
			isa = XCBuildConfiguration;
			buildSettings = {
				ASSETCATALOG_COMPILER_APPICON_NAME = AppIcon;
				ASSETCATALOG_COMPILER_GLOBAL_ACCENT_COLOR_NAME = AccentColor;
				CODE_SIGN_STYLE = Automatic;
				CURRENT_PROJECT_VERSION = 1;
				DEVELOPMENT_TEAM = 9P86M55Y2Q;
				GENERATE_INFOPLIST_FILE = YES;
				INFOPLIST_FILE = Project1/Info.plist;
				INFOPLIST_KEY_UIApplicationSupportsIndirectInputEvents = YES;
				INFOPLIST_KEY_UILaunchStoryboardName = LaunchScreen;
				INFOPLIST_KEY_UIMainStoryboardFile = Main;
				INFOPLIST_KEY_UISupportedInterfaceOrientations_iPad = "UIInterfaceOrientationPortrait UIInterfaceOrientationPortraitUpsideDown UIInterfaceOrientationLandscapeLeft UIInterfaceOrientationLandscapeRight";
				INFOPLIST_KEY_UISupportedInterfaceOrientations_iPhone = "UIInterfaceOrientationPortrait UIInterfaceOrientationLandscapeLeft UIInterfaceOrientationLandscapeRight";
				LD_RUNPATH_SEARCH_PATHS = (
					"$(inherited)",
					"@executable_path/Frameworks",
				);
				MARKETING_VERSION = 1.0;
				PRODUCT_BUNDLE_IDENTIFIER = io.notnick.Project1;
				PRODUCT_NAME = "$(TARGET_NAME)";
				SWIFT_EMIT_LOC_STRINGS = YES;
				SWIFT_VERSION = 5.0;
				TARGETED_DEVICE_FAMILY = "1,2";
			};
			name = Release;
		};
/* End XCBuildConfiguration section */

/* Begin XCConfigurationList section */
		E137150C2BB836FC0061C49D /* Build configuration list for PBXProject "Project1" */ = {
			isa = XCConfigurationList;
			buildConfigurations = (
				E13715232BB836FE0061C49D /* Debug */,
				E13715242BB836FE0061C49D /* Release */,
			);
			defaultConfigurationIsVisible = 0;
			defaultConfigurationName = Release;
		};
		E13715252BB836FE0061C49D /* Build configuration list for PBXNativeTarget "Project1" */ = {
			isa = XCConfigurationList;
			buildConfigurations = (
				E13715262BB836FE0061C49D /* Debug */,
				E13715272BB836FE0061C49D /* Release */,
			);
			defaultConfigurationIsVisible = 0;
			defaultConfigurationName = Release;
		};
/* End XCConfigurationList section */
	};
	rootObject = E13715092BB836FC0061C49D /* Project object */;
}
