// !$*UTF8*$!
{
	archiveVersion = 1;
	classes = {
	};
	objectVersion = 56;
	objects = {

/* Begin PBXBuildFile section */
		E19839912C08AC5D00F3C93E /* AppDelegate.swift in Sources */ = {isa = PBXBuildFile; fileRef = E19839902C08AC5D00F3C93E /* AppDelegate.swift */; };
		E19839932C08AC5D00F3C93E /* GameScene.sks in Resources */ = {isa = PBXBuildFile; fileRef = E19839922C08AC5D00F3C93E /* GameScene.sks */; };
		E19839972C08AC5D00F3C93E /* GameScene.swift in Sources */ = {isa = PBXBuildFile; fileRef = E19839962C08AC5D00F3C93E /* GameScene.swift */; };
		E19839992C08AC5D00F3C93E /* GameViewController.swift in Sources */ = {isa = PBXBuildFile; fileRef = E19839982C08AC5D00F3C93E /* GameViewController.swift */; };
		E198399C2C08AC5D00F3C93E /* Base in Resources */ = {isa = PBXBuildFile; fileRef = E198399B2C08AC5D00F3C93E /* Base */; };
		E198399E2C08AC5E00F3C93E /* Assets.xcassets in Resources */ = {isa = PBXBuildFile; fileRef = E198399D2C08AC5E00F3C93E /* Assets.xcassets */; };
		E19839A12C08AC5E00F3C93E /* Base in Resources */ = {isa = PBXBuildFile; fileRef = E19839A02C08AC5E00F3C93E /* Base */; };
		E19839B12C08ACD000F3C93E /* swoosh2.caf in Resources */ = {isa = PBXBuildFile; fileRef = E19839A72C08ACD000F3C93E /* swoosh2.caf */; };
		E19839B22C08ACD000F3C93E /* sliceHitEnemy.sks in Resources */ = {isa = PBXBuildFile; fileRef = E19839A82C08ACD000F3C93E /* sliceHitEnemy.sks */; };
		E19839B32C08ACD000F3C93E /* sliceBombFuse.caf in Resources */ = {isa = PBXBuildFile; fileRef = E19839A92C08ACD000F3C93E /* sliceBombFuse.caf */; };
		E19839B42C08ACD000F3C93E /* sliceHitBomb.sks in Resources */ = {isa = PBXBuildFile; fileRef = E19839AA2C08ACD000F3C93E /* sliceHitBomb.sks */; };
		E19839B52C08ACD000F3C93E /* sliceFuse.sks in Resources */ = {isa = PBXBuildFile; fileRef = E19839AB2C08ACD000F3C93E /* sliceFuse.sks */; };
		E19839B62C08ACD000F3C93E /* launch.caf in Resources */ = {isa = PBXBuildFile; fileRef = E19839AC2C08ACD000F3C93E /* launch.caf */; };
		E19839B72C08ACD000F3C93E /* explosion.caf in Resources */ = {isa = PBXBuildFile; fileRef = E19839AD2C08ACD000F3C93E /* explosion.caf */; };
		E19839B82C08ACD000F3C93E /* swoosh1.caf in Resources */ = {isa = PBXBuildFile; fileRef = E19839AE2C08ACD000F3C93E /* swoosh1.caf */; };
		E19839B92C08ACD000F3C93E /* swoosh3.caf in Resources */ = {isa = PBXBuildFile; fileRef = E19839AF2C08ACD000F3C93E /* swoosh3.caf */; };
		E19839BA2C08ACD000F3C93E /* whack.caf in Resources */ = {isa = PBXBuildFile; fileRef = E19839B02C08ACD000F3C93E /* whack.caf */; };
/* End PBXBuildFile section */

/* Begin PBXFileReference section */
		E198398D2C08AC5D00F3C93E /* Project23.app */ = {isa = PBXFileReference; explicitFileType = wrapper.application; includeInIndex = 0; path = Project23.app; sourceTree = BUILT_PRODUCTS_DIR; };
		E19839902C08AC5D00F3C93E /* AppDelegate.swift */ = {isa = PBXFileReference; lastKnownFileType = sourcecode.swift; path = AppDelegate.swift; sourceTree = "<group>"; };
		E19839922C08AC5D00F3C93E /* GameScene.sks */ = {isa = PBXFileReference; lastKnownFileType = file.sks; path = GameScene.sks; sourceTree = "<group>"; };
		E19839962C08AC5D00F3C93E /* GameScene.swift */ = {isa = PBXFileReference; lastKnownFileType = sourcecode.swift; path = GameScene.swift; sourceTree = "<group>"; };
		E19839982C08AC5D00F3C93E /* GameViewController.swift */ = {isa = PBXFileReference; lastKnownFileType = sourcecode.swift; path = GameViewController.swift; sourceTree = "<group>"; };
		E198399B2C08AC5D00F3C93E /* Base */ = {isa = PBXFileReference; lastKnownFileType = file.storyboard; name = Base; path = Base.lproj/Main.storyboard; sourceTree = "<group>"; };
		E198399D2C08AC5E00F3C93E /* Assets.xcassets */ = {isa = PBXFileReference; lastKnownFileType = folder.assetcatalog; path = Assets.xcassets; sourceTree = "<group>"; };
		E19839A02C08AC5E00F3C93E /* Base */ = {isa = PBXFileReference; lastKnownFileType = file.storyboard; name = Base; path = Base.lproj/LaunchScreen.storyboard; sourceTree = "<group>"; };
		E19839A72C08ACD000F3C93E /* swoosh2.caf */ = {isa = PBXFileReference; lastKnownFileType = file; path = swoosh2.caf; sourceTree = "<group>"; };
		E19839A82C08ACD000F3C93E /* sliceHitEnemy.sks */ = {isa = PBXFileReference; lastKnownFileType = file.sks; path = sliceHitEnemy.sks; sourceTree = "<group>"; };
		E19839A92C08ACD000F3C93E /* sliceBombFuse.caf */ = {isa = PBXFileReference; lastKnownFileType = file; path = sliceBombFuse.caf; sourceTree = "<group>"; };
		E19839AA2C08ACD000F3C93E /* sliceHitBomb.sks */ = {isa = PBXFileReference; lastKnownFileType = file.sks; path = sliceHitBomb.sks; sourceTree = "<group>"; };
		E19839AB2C08ACD000F3C93E /* sliceFuse.sks */ = {isa = PBXFileReference; lastKnownFileType = file.sks; path = sliceFuse.sks; sourceTree = "<group>"; };
		E19839AC2C08ACD000F3C93E /* launch.caf */ = {isa = PBXFileReference; lastKnownFileType = file; path = launch.caf; sourceTree = "<group>"; };
		E19839AD2C08ACD000F3C93E /* explosion.caf */ = {isa = PBXFileReference; lastKnownFileType = file; path = explosion.caf; sourceTree = "<group>"; };
		E19839AE2C08ACD000F3C93E /* swoosh1.caf */ = {isa = PBXFileReference; lastKnownFileType = file; path = swoosh1.caf; sourceTree = "<group>"; };
		E19839AF2C08ACD000F3C93E /* swoosh3.caf */ = {isa = PBXFileReference; lastKnownFileType = file; path = swoosh3.caf; sourceTree = "<group>"; };
		E19839B02C08ACD000F3C93E /* whack.caf */ = {isa = PBXFileReference; lastKnownFileType = file; path = whack.caf; sourceTree = "<group>"; };
		E19839BB2C08ACDA00F3C93E /* wrong.caf */ = {isa = PBXFileReference; lastKnownFileType = file; path = wrong.caf; sourceTree = "<group>"; };
/* End PBXFileReference section */

/* Begin PBXFrameworksBuildPhase section */
		E198398A2C08AC5D00F3C93E /* Frameworks */ = {
			isa = PBXFrameworksBuildPhase;
			buildActionMask = 2147483647;
			files = (
			);
			runOnlyForDeploymentPostprocessing = 0;
		};
/* End PBXFrameworksBuildPhase section */

/* Begin PBXGroup section */
		E19839842C08AC5D00F3C93E = {
			isa = PBXGroup;
			children = (
				E198398F2C08AC5D00F3C93E /* Project23 */,
				E198398E2C08AC5D00F3C93E /* Products */,
			);
			sourceTree = "<group>";
		};
		E198398E2C08AC5D00F3C93E /* Products */ = {
			isa = PBXGroup;
			children = (
				E198398D2C08AC5D00F3C93E /* Project23.app */,
			);
			name = Products;
			sourceTree = "<group>";
		};
		E198398F2C08AC5D00F3C93E /* Project23 */ = {
			isa = PBXGroup;
			children = (
				E19839902C08AC5D00F3C93E /* AppDelegate.swift */,
				E19839922C08AC5D00F3C93E /* GameScene.sks */,
				E19839962C08AC5D00F3C93E /* GameScene.swift */,
				E19839982C08AC5D00F3C93E /* GameViewController.swift */,
				E198399A2C08AC5D00F3C93E /* Main.storyboard */,
				E198399D2C08AC5E00F3C93E /* Assets.xcassets */,
				E198399F2C08AC5E00F3C93E /* LaunchScreen.storyboard */,
				E19839AD2C08ACD000F3C93E /* explosion.caf */,
				E19839AC2C08ACD000F3C93E /* launch.caf */,
				E19839A92C08ACD000F3C93E /* sliceBombFuse.caf */,
				E19839AB2C08ACD000F3C93E /* sliceFuse.sks */,
				E19839AA2C08ACD000F3C93E /* sliceHitBomb.sks */,
				E19839A82C08ACD000F3C93E /* sliceHitEnemy.sks */,
				E19839AE2C08ACD000F3C93E /* swoosh1.caf */,
				E19839A72C08ACD000F3C93E /* swoosh2.caf */,
				E19839AF2C08ACD000F3C93E /* swoosh3.caf */,
				E19839B02C08ACD000F3C93E /* whack.caf */,
				E19839BB2C08ACDA00F3C93E /* wrong.caf */,
			);
			path = Project23;
			sourceTree = "<group>";
		};
/* End PBXGroup section */

/* Begin PBXNativeTarget section */
		E198398C2C08AC5D00F3C93E /* Project23 */ = {
			isa = PBXNativeTarget;
			buildConfigurationList = E19839A42C08AC5E00F3C93E /* Build configuration list for PBXNativeTarget "Project23" */;
			buildPhases = (
				E19839892C08AC5D00F3C93E /* Sources */,
				E198398A2C08AC5D00F3C93E /* Frameworks */,
				E198398B2C08AC5D00F3C93E /* Resources */,
			);
			buildRules = (
			);
			dependencies = (
			);
			name = Project23;
			productName = Project23;
			productReference = E198398D2C08AC5D00F3C93E /* Project23.app */;
			productType = "com.apple.product-type.application";
		};
/* End PBXNativeTarget section */

/* Begin PBXProject section */
		E19839852C08AC5D00F3C93E /* Project object */ = {
			isa = PBXProject;
			attributes = {
				BuildIndependentTargetsInParallel = 1;
				LastSwiftUpdateCheck = 1530;
				LastUpgradeCheck = 1530;
				TargetAttributes = {
					E198398C2C08AC5D00F3C93E = {
						CreatedOnToolsVersion = 15.3;
					};
				};
			};
			buildConfigurationList = E19839882C08AC5D00F3C93E /* Build configuration list for PBXProject "Project23" */;
			compatibilityVersion = "Xcode 14.0";
			developmentRegion = en;
			hasScannedForEncodings = 0;
			knownRegions = (
				en,
				Base,
			);
			mainGroup = E19839842C08AC5D00F3C93E;
			productRefGroup = E198398E2C08AC5D00F3C93E /* Products */;
			projectDirPath = "";
			projectRoot = "";
			targets = (
				E198398C2C08AC5D00F3C93E /* Project23 */,
			);
		};
/* End PBXProject section */

/* Begin PBXResourcesBuildPhase section */
		E198398B2C08AC5D00F3C93E /* Resources */ = {
			isa = PBXResourcesBuildPhase;
			buildActionMask = 2147483647;
			files = (
				E19839B12C08ACD000F3C93E /* swoosh2.caf in Resources */,
				E19839B62C08ACD000F3C93E /* launch.caf in Resources */,
				E19839932C08AC5D00F3C93E /* GameScene.sks in Resources */,
				E198399C2C08AC5D00F3C93E /* Base in Resources */,
				E19839B72C08ACD000F3C93E /* explosion.caf in Resources */,
				E19839B22C08ACD000F3C93E /* sliceHitEnemy.sks in Resources */,
				E19839B42C08ACD000F3C93E /* sliceHitBomb.sks in Resources */,
				E198399E2C08AC5E00F3C93E /* Assets.xcassets in Resources */,
				E19839B32C08ACD000F3C93E /* sliceBombFuse.caf in Resources */,
				E19839BA2C08ACD000F3C93E /* whack.caf in Resources */,
				E19839A12C08AC5E00F3C93E /* Base in Resources */,
				E19839B92C08ACD000F3C93E /* swoosh3.caf in Resources */,
				E19839B52C08ACD000F3C93E /* sliceFuse.sks in Resources */,
				E19839B82C08ACD000F3C93E /* swoosh1.caf in Resources */,
			);
			runOnlyForDeploymentPostprocessing = 0;
		};
/* End PBXResourcesBuildPhase section */

/* Begin PBXSourcesBuildPhase section */
		E19839892C08AC5D00F3C93E /* Sources */ = {
			isa = PBXSourcesBuildPhase;
			buildActionMask = 2147483647;
			files = (
				E19839972C08AC5D00F3C93E /* GameScene.swift in Sources */,
				E19839992C08AC5D00F3C93E /* GameViewController.swift in Sources */,
				E19839912C08AC5D00F3C93E /* AppDelegate.swift in Sources */,
			);
			runOnlyForDeploymentPostprocessing = 0;
		};
/* End PBXSourcesBuildPhase section */

/* Begin PBXVariantGroup section */
		E198399A2C08AC5D00F3C93E /* Main.storyboard */ = {
			isa = PBXVariantGroup;
			children = (
				E198399B2C08AC5D00F3C93E /* Base */,
			);
			name = Main.storyboard;
			sourceTree = "<group>";
		};
		E198399F2C08AC5E00F3C93E /* LaunchScreen.storyboard */ = {
			isa = PBXVariantGroup;
			children = (
				E19839A02C08AC5E00F3C93E /* Base */,
			);
			name = LaunchScreen.storyboard;
			sourceTree = "<group>";
		};
/* End PBXVariantGroup section */

/* Begin XCBuildConfiguration section */
		E19839A22C08AC5E00F3C93E /* Debug */ = {
			isa = XCBuildConfiguration;
			buildSettings = {
				ALWAYS_SEARCH_USER_PATHS = NO;
				ASSETCATALOG_COMPILER_GENERATE_SWIFT_ASSET_SYMBOL_EXTENSIONS = YES;
				CLANG_ANALYZER_NONNULL = YES;
				CLANG_ANALYZER_NUMBER_OBJECT_CONVERSION = YES_AGGRESSIVE;
				CLANG_CXX_LANGUAGE_STANDARD = "gnu++20";
				CLANG_ENABLE_MODULES = YES;
				CLANG_ENABLE_OBJC_ARC = YES;
				CLANG_ENABLE_OBJC_WEAK = YES;
				CLANG_WARN_BLOCK_CAPTURE_AUTORELEASING = YES;
				CLANG_WARN_BOOL_CONVERSION = YES;
				CLANG_WARN_COMMA = YES;
				CLANG_WARN_CONSTANT_CONVERSION = YES;
				CLANG_WARN_DEPRECATED_OBJC_IMPLEMENTATIONS = YES;
				CLANG_WARN_DIRECT_OBJC_ISA_USAGE = YES_ERROR;
				CLANG_WARN_DOCUMENTATION_COMMENTS = YES;
				CLANG_WARN_EMPTY_BODY = YES;
				CLANG_WARN_ENUM_CONVERSION = YES;
				CLANG_WARN_INFINITE_RECURSION = YES;
				CLANG_WARN_INT_CONVERSION = YES;
				CLANG_WARN_NON_LITERAL_NULL_CONVERSION = YES;
				CLANG_WARN_OBJC_IMPLICIT_RETAIN_SELF = YES;
				CLANG_WARN_OBJC_LITERAL_CONVERSION = YES;
				CLANG_WARN_OBJC_ROOT_CLASS = YES_ERROR;
				CLANG_WARN_QUOTED_INCLUDE_IN_FRAMEWORK_HEADER = YES;
				CLANG_WARN_RANGE_LOOP_ANALYSIS = YES;
				CLANG_WARN_STRICT_PROTOTYPES = YES;
				CLANG_WARN_SUSPICIOUS_MOVE = YES;
				CLANG_WARN_UNGUARDED_AVAILABILITY = YES_AGGRESSIVE;
				CLANG_WARN_UNREACHABLE_CODE = YES;
				CLANG_WARN__DUPLICATE_METHOD_MATCH = YES;
				COPY_PHASE_STRIP = NO;
				DEBUG_INFORMATION_FORMAT = dwarf;
				ENABLE_STRICT_OBJC_MSGSEND = YES;
				ENABLE_TESTABILITY = YES;
				ENABLE_USER_SCRIPT_SANDBOXING = YES;
				GCC_C_LANGUAGE_STANDARD = gnu17;
				GCC_DYNAMIC_NO_PIC = NO;
				GCC_NO_COMMON_BLOCKS = YES;
				GCC_OPTIMIZATION_LEVEL = 0;
				GCC_PREPROCESSOR_DEFINITIONS = (
					"DEBUG=1",
					"$(inherited)",
				);
				GCC_WARN_64_TO_32_BIT_CONVERSION = YES;
				GCC_WARN_ABOUT_RETURN_TYPE = YES_ERROR;
				GCC_WARN_UNDECLARED_SELECTOR = YES;
				GCC_WARN_UNINITIALIZED_AUTOS = YES_AGGRESSIVE;
				GCC_WARN_UNUSED_FUNCTION = YES;
				GCC_WARN_UNUSED_VARIABLE = YES;
				IPHONEOS_DEPLOYMENT_TARGET = 17.4;
				LOCALIZATION_PREFERS_STRING_CATALOGS = YES;
				MTL_ENABLE_DEBUG_INFO = INCLUDE_SOURCE;
				MTL_FAST_MATH = YES;
				ONLY_ACTIVE_ARCH = YES;
				SDKROOT = iphoneos;
				SWIFT_ACTIVE_COMPILATION_CONDITIONS = "DEBUG $(inherited)";
				SWIFT_OPTIMIZATION_LEVEL = "-Onone";
			};
			name = Debug;
		};
		E19839A32C08AC5E00F3C93E /* Release */ = {
			isa = XCBuildConfiguration;
			buildSettings = {
				ALWAYS_SEARCH_USER_PATHS = NO;
				ASSETCATALOG_COMPILER_GENERATE_SWIFT_ASSET_SYMBOL_EXTENSIONS = YES;
				CLANG_ANALYZER_NONNULL = YES;
				CLANG_ANALYZER_NUMBER_OBJECT_CONVERSION = YES_AGGRESSIVE;
				CLANG_CXX_LANGUAGE_STANDARD = "gnu++20";
				CLANG_ENABLE_MODULES = YES;
				CLANG_ENABLE_OBJC_ARC = YES;
				CLANG_ENABLE_OBJC_WEAK = YES;
				CLANG_WARN_BLOCK_CAPTURE_AUTORELEASING = YES;
				CLANG_WARN_BOOL_CONVERSION = YES;
				CLANG_WARN_COMMA = YES;
				CLANG_WARN_CONSTANT_CONVERSION = YES;
				CLANG_WARN_DEPRECATED_OBJC_IMPLEMENTATIONS = YES;
				CLANG_WARN_DIRECT_OBJC_ISA_USAGE = YES_ERROR;
				CLANG_WARN_DOCUMENTATION_COMMENTS = YES;
				CLANG_WARN_EMPTY_BODY = YES;
				CLANG_WARN_ENUM_CONVERSION = YES;
				CLANG_WARN_INFINITE_RECURSION = YES;
				CLANG_WARN_INT_CONVERSION = YES;
				CLANG_WARN_NON_LITERAL_NULL_CONVERSION = YES;
				CLANG_WARN_OBJC_IMPLICIT_RETAIN_SELF = YES;
				CLANG_WARN_OBJC_LITERAL_CONVERSION = YES;
				CLANG_WARN_OBJC_ROOT_CLASS = YES_ERROR;
				CLANG_WARN_QUOTED_INCLUDE_IN_FRAMEWORK_HEADER = YES;
				CLANG_WARN_RANGE_LOOP_ANALYSIS = YES;
				CLANG_WARN_STRICT_PROTOTYPES = YES;
				CLANG_WARN_SUSPICIOUS_MOVE = YES;
				CLANG_WARN_UNGUARDED_AVAILABILITY = YES_AGGRESSIVE;
				CLANG_WARN_UNREACHABLE_CODE = YES;
				CLANG_WARN__DUPLICATE_METHOD_MATCH = YES;
				COPY_PHASE_STRIP = NO;
				DEBUG_INFORMATION_FORMAT = "dwarf-with-dsym";
				ENABLE_NS_ASSERTIONS = NO;
				ENABLE_STRICT_OBJC_MSGSEND = YES;
				ENABLE_USER_SCRIPT_SANDBOXING = YES;
				GCC_C_LANGUAGE_STANDARD = gnu17;
				GCC_NO_COMMON_BLOCKS = YES;
				GCC_WARN_64_TO_32_BIT_CONVERSION = YES;
				GCC_WARN_ABOUT_RETURN_TYPE = YES_ERROR;
				GCC_WARN_UNDECLARED_SELECTOR = YES;
				GCC_WARN_UNINITIALIZED_AUTOS = YES_AGGRESSIVE;
				GCC_WARN_UNUSED_FUNCTION = YES;
				GCC_WARN_UNUSED_VARIABLE = YES;
				IPHONEOS_DEPLOYMENT_TARGET = 17.4;
				LOCALIZATION_PREFERS_STRING_CATALOGS = YES;
				MTL_ENABLE_DEBUG_INFO = NO;
				MTL_FAST_MATH = YES;
				SDKROOT = iphoneos;
				SWIFT_COMPILATION_MODE = wholemodule;
				VALIDATE_PRODUCT = YES;
			};
			name = Release;
		};
		E19839A52C08AC5E00F3C93E /* Debug */ = {
			isa = XCBuildConfiguration;
			buildSettings = {
				ASSETCATALOG_COMPILER_APPICON_NAME = AppIcon;
				ASSETCATALOG_COMPILER_GLOBAL_ACCENT_COLOR_NAME = AccentColor;
				CODE_SIGN_STYLE = Automatic;
				CURRENT_PROJECT_VERSION = 1;
				DEVELOPMENT_TEAM = 9P86M55Y2Q;
				GENERATE_INFOPLIST_FILE = YES;
				INFOPLIST_KEY_UIApplicationSupportsIndirectInputEvents = YES;
				INFOPLIST_KEY_UILaunchStoryboardName = LaunchScreen;
				INFOPLIST_KEY_UIMainStoryboardFile = Main;
				INFOPLIST_KEY_UIStatusBarHidden = YES;
				INFOPLIST_KEY_UISupportedInterfaceOrientations = "UIInterfaceOrientationLandscapeLeft UIInterfaceOrientationLandscapeRight UIInterfaceOrientationPortrait";
				INFOPLIST_KEY_UISupportedInterfaceOrientations_iPad = "UIInterfaceOrientationLandscapeLeft UIInterfaceOrientationLandscapeRight";
				LD_RUNPATH_SEARCH_PATHS = (
					"$(inherited)",
					"@executable_path/Frameworks",
				);
				MARKETING_VERSION = 1.0;
				PRODUCT_BUNDLE_IDENTIFIER = io.notnick.Project23;
				PRODUCT_NAME = "$(TARGET_NAME)";
				SWIFT_EMIT_LOC_STRINGS = YES;
				SWIFT_VERSION = 5.0;
				TARGETED_DEVICE_FAMILY = "1,2";
			};
			name = Debug;
		};
		E19839A62C08AC5E00F3C93E /* Release */ = {
			isa = XCBuildConfiguration;
			buildSettings = {
				ASSETCATALOG_COMPILER_APPICON_NAME = AppIcon;
				ASSETCATALOG_COMPILER_GLOBAL_ACCENT_COLOR_NAME = AccentColor;
				CODE_SIGN_STYLE = Automatic;
				CURRENT_PROJECT_VERSION = 1;
				DEVELOPMENT_TEAM = 9P86M55Y2Q;
				GENERATE_INFOPLIST_FILE = YES;
				INFOPLIST_KEY_UIApplicationSupportsIndirectInputEvents = YES;
				INFOPLIST_KEY_UILaunchStoryboardName = LaunchScreen;
				INFOPLIST_KEY_UIMainStoryboardFile = Main;
				INFOPLIST_KEY_UIStatusBarHidden = YES;
				INFOPLIST_KEY_UISupportedInterfaceOrientations = "UIInterfaceOrientationLandscapeLeft UIInterfaceOrientationLandscapeRight UIInterfaceOrientationPortrait";
				INFOPLIST_KEY_UISupportedInterfaceOrientations_iPad = "UIInterfaceOrientationLandscapeLeft UIInterfaceOrientationLandscapeRight";
				LD_RUNPATH_SEARCH_PATHS = (
					"$(inherited)",
					"@executable_path/Frameworks",
				);
				MARKETING_VERSION = 1.0;
				PRODUCT_BUNDLE_IDENTIFIER = io.notnick.Project23;
				PRODUCT_NAME = "$(TARGET_NAME)";
				SWIFT_EMIT_LOC_STRINGS = YES;
				SWIFT_VERSION = 5.0;
				TARGETED_DEVICE_FAMILY = "1,2";
			};
			name = Release;
		};
/* End XCBuildConfiguration section */

/* Begin XCConfigurationList section */
		E19839882C08AC5D00F3C93E /* Build configuration list for PBXProject "Project23" */ = {
			isa = XCConfigurationList;
			buildConfigurations = (
				E19839A22C08AC5E00F3C93E /* Debug */,
				E19839A32C08AC5E00F3C93E /* Release */,
			);
			defaultConfigurationIsVisible = 0;
			defaultConfigurationName = Release;
		};
		E19839A42C08AC5E00F3C93E /* Build configuration list for PBXNativeTarget "Project23" */ = {
			isa = XCConfigurationList;
			buildConfigurations = (
				E19839A52C08AC5E00F3C93E /* Debug */,
				E19839A62C08AC5E00F3C93E /* Release */,
			);
			defaultConfigurationIsVisible = 0;
			defaultConfigurationName = Release;
		};
/* End XCConfigurationList section */
	};
	rootObject = E19839852C08AC5D00F3C93E /* Project object */;
}
